// !$*UTF8*$!
{
	archiveVersion = 1;
	classes = {
	};
	objectVersion = 46;
	objects = {

/* Begin PBXBuildFile section */
		2A2FE263599E3797B57F259E /* libPods-UIComponents.a in Frameworks */ = {isa = PBXBuildFile; fileRef = 5932F6E547DBDC6582AE7369 /* libPods-UIComponents.a */; };
		AF281A1F1EA6176300C8C93F /* UIComponentsTests.m in Sources */ = {isa = PBXBuildFile; fileRef = AF281A1E1EA6176300C8C93F /* UIComponentsTests.m */; };
		AF281A271EA6177400C8C93F /* TestMain.m in Sources */ = {isa = PBXBuildFile; fileRef = AF281A261EA6177400C8C93F /* TestMain.m */; };
		AF2855481EA4802C0004C4E1 /* Restful.m in Sources */ = {isa = PBXBuildFile; fileRef = AF2855471EA4802C0004C4E1 /* Restful.m */; };
		AF28554C1EA4A92C0004C4E1 /* AFNetworkingViewController.m in Sources */ = {isa = PBXBuildFile; fileRef = AF28554A1EA4A92C0004C4E1 /* AFNetworkingViewController.m */; };
		AF28554D1EA4A92C0004C4E1 /* AFNetworkingViewController.xib in Resources */ = {isa = PBXBuildFile; fileRef = AF28554B1EA4A92C0004C4E1 /* AFNetworkingViewController.xib */; };
		AF35D8971E9E12A0000F9AA1 /* main.m in Sources */ = {isa = PBXBuildFile; fileRef = AF35D8961E9E12A0000F9AA1 /* main.m */; };
		AF35D89A1E9E12A0000F9AA1 /* AppDelegate.m in Sources */ = {isa = PBXBuildFile; fileRef = AF35D8991E9E12A0000F9AA1 /* AppDelegate.m */; };
		AF35D8A01E9E12A0000F9AA1 /* Main.storyboard in Resources */ = {isa = PBXBuildFile; fileRef = AF35D89E1E9E12A0000F9AA1 /* Main.storyboard */; };
		AF35D8A31E9E12A0000F9AA1 /* UIComponents.xcdatamodeld in Sources */ = {isa = PBXBuildFile; fileRef = AF35D8A11E9E12A0000F9AA1 /* UIComponents.xcdatamodeld */; };
		AF35D8A51E9E12A0000F9AA1 /* Assets.xcassets in Resources */ = {isa = PBXBuildFile; fileRef = AF35D8A41E9E12A0000F9AA1 /* Assets.xcassets */; };
		AF35D8A81E9E12A0000F9AA1 /* LaunchScreen.storyboard in Resources */ = {isa = PBXBuildFile; fileRef = AF35D8A61E9E12A0000F9AA1 /* LaunchScreen.storyboard */; };
		AF35D8B31E9E12CD000F9AA1 /* MainViewController.m in Sources */ = {isa = PBXBuildFile; fileRef = AF35D8B11E9E12CD000F9AA1 /* MainViewController.m */; };
		AF35D8B41E9E12CD000F9AA1 /* MainViewController.xib in Resources */ = {isa = PBXBuildFile; fileRef = AF35D8B21E9E12CD000F9AA1 /* MainViewController.xib */; };
		AF35D8B91E9E2AA0000F9AA1 /* SliderViewController.m in Sources */ = {isa = PBXBuildFile; fileRef = AF35D8B71E9E2AA0000F9AA1 /* SliderViewController.m */; };
		AF35D8BA1E9E2AA0000F9AA1 /* SliderViewController.xib in Resources */ = {isa = PBXBuildFile; fileRef = AF35D8B81E9E2AA0000F9AA1 /* SliderViewController.xib */; };
		AF35D8BE1E9E36DB000F9AA1 /* SwitchViewController.m in Sources */ = {isa = PBXBuildFile; fileRef = AF35D8BC1E9E36DB000F9AA1 /* SwitchViewController.m */; };
		AF35D8BF1E9E36DB000F9AA1 /* SwitchViewController.xib in Resources */ = {isa = PBXBuildFile; fileRef = AF35D8BD1E9E36DB000F9AA1 /* SwitchViewController.xib */; };
		AF402A5A1EA5CF8300D46F00 /* SimpleGameViewController.m in Sources */ = {isa = PBXBuildFile; fileRef = AF402A581EA5CF8300D46F00 /* SimpleGameViewController.m */; };
		AF402A5B1EA5CF8300D46F00 /* SimpleGameViewController.xib in Resources */ = {isa = PBXBuildFile; fileRef = AF402A591EA5CF8300D46F00 /* SimpleGameViewController.xib */; };
		AF4708271EA084DC006B9D7A /* PageControllViewController.m in Sources */ = {isa = PBXBuildFile; fileRef = AF4708251EA084DC006B9D7A /* PageControllViewController.m */; };
		AF4708281EA084DC006B9D7A /* PageControllViewController.xib in Resources */ = {isa = PBXBuildFile; fileRef = AF4708261EA084DC006B9D7A /* PageControllViewController.xib */; };
		AF47082D1EA0AD4C006B9D7A /* SubPageCtrViewController.m in Sources */ = {isa = PBXBuildFile; fileRef = AF47082B1EA0AD4C006B9D7A /* SubPageCtrViewController.m */; };
		AF47082E1EA0AD4C006B9D7A /* SubPageCtrViewController.xib in Resources */ = {isa = PBXBuildFile; fileRef = AF47082C1EA0AD4C006B9D7A /* SubPageCtrViewController.xib */; };
		AF4708321EA0BE37006B9D7A /* ProgressViewController.m in Sources */ = {isa = PBXBuildFile; fileRef = AF4708301EA0BE37006B9D7A /* ProgressViewController.m */; };
		AF4708331EA0BE37006B9D7A /* ProgressViewController.xib in Resources */ = {isa = PBXBuildFile; fileRef = AF4708311EA0BE37006B9D7A /* ProgressViewController.xib */; };
		AF7E1BD31E9F1EB000D7B4C3 /* CollectionViewController.m in Sources */ = {isa = PBXBuildFile; fileRef = AF7E1BD11E9F1EB000D7B4C3 /* CollectionViewController.m */; };
		AF7E1BD41E9F1EB000D7B4C3 /* CollectionViewController.xib in Resources */ = {isa = PBXBuildFile; fileRef = AF7E1BD21E9F1EB000D7B4C3 /* CollectionViewController.xib */; };
		AF7E1BD91E9F359600D7B4C3 /* NibCell.m in Sources */ = {isa = PBXBuildFile; fileRef = AF7E1BD71E9F359600D7B4C3 /* NibCell.m */; };
		AF7E1BDA1E9F359600D7B4C3 /* NibCell.xib in Resources */ = {isa = PBXBuildFile; fileRef = AF7E1BD81E9F359600D7B4C3 /* NibCell.xib */; };
		AF9BA6BE1EA9E35900FA6690 /* GoogleService-Info.plist in Resources */ = {isa = PBXBuildFile; fileRef = AF9BA6BD1EA9E35900FA6690 /* GoogleService-Info.plist */; };
		AFAEF2C51EA8A9FC00E3413B /* LoginFaceViewController.m in Sources */ = {isa = PBXBuildFile; fileRef = AFAEF2C31EA8A9FC00E3413B /* LoginFaceViewController.m */; };
		AFAEF2C61EA8A9FC00E3413B /* LoginFaceViewController.xib in Resources */ = {isa = PBXBuildFile; fileRef = AFAEF2C41EA8A9FC00E3413B /* LoginFaceViewController.xib */; };
/* End PBXBuildFile section */

/* Begin PBXContainerItemProxy section */
		AF281A211EA6176300C8C93F /* PBXContainerItemProxy */ = {
			isa = PBXContainerItemProxy;
			containerPortal = AF35D88A1E9E12A0000F9AA1 /* Project object */;
			proxyType = 1;
			remoteGlobalIDString = AF35D8911E9E12A0000F9AA1;
			remoteInfo = UIComponents;
		};
/* End PBXContainerItemProxy section */

/* Begin PBXFileReference section */
		5932F6E547DBDC6582AE7369 /* libPods-UIComponents.a */ = {isa = PBXFileReference; explicitFileType = archive.ar; includeInIndex = 0; path = "libPods-UIComponents.a"; sourceTree = BUILT_PRODUCTS_DIR; };
		AF281A1C1EA6176300C8C93F /* UIComponentsTests.xctest */ = {isa = PBXFileReference; explicitFileType = wrapper.cfbundle; includeInIndex = 0; path = UIComponentsTests.xctest; sourceTree = BUILT_PRODUCTS_DIR; };
		AF281A1E1EA6176300C8C93F /* UIComponentsTests.m */ = {isa = PBXFileReference; lastKnownFileType = sourcecode.c.objc; path = UIComponentsTests.m; sourceTree = "<group>"; };
		AF281A201EA6176300C8C93F /* Info.plist */ = {isa = PBXFileReference; lastKnownFileType = text.plist.xml; path = Info.plist; sourceTree = "<group>"; };
		AF281A261EA6177400C8C93F /* TestMain.m */ = {isa = PBXFileReference; fileEncoding = 4; lastKnownFileType = sourcecode.c.objc; path = TestMain.m; sourceTree = "<group>"; };
		AF2855461EA4802C0004C4E1 /* Restful.h */ = {isa = PBXFileReference; fileEncoding = 4; lastKnownFileType = sourcecode.c.h; path = Restful.h; sourceTree = "<group>"; };
		AF2855471EA4802C0004C4E1 /* Restful.m */ = {isa = PBXFileReference; fileEncoding = 4; lastKnownFileType = sourcecode.c.objc; path = Restful.m; sourceTree = "<group>"; };
		AF2855491EA4A92C0004C4E1 /* AFNetworkingViewController.h */ = {isa = PBXFileReference; fileEncoding = 4; lastKnownFileType = sourcecode.c.h; path = AFNetworkingViewController.h; sourceTree = "<group>"; };
		AF28554A1EA4A92C0004C4E1 /* AFNetworkingViewController.m */ = {isa = PBXFileReference; fileEncoding = 4; lastKnownFileType = sourcecode.c.objc; path = AFNetworkingViewController.m; sourceTree = "<group>"; };
		AF28554B1EA4A92C0004C4E1 /* AFNetworkingViewController.xib */ = {isa = PBXFileReference; fileEncoding = 4; lastKnownFileType = file.xib; path = AFNetworkingViewController.xib; sourceTree = "<group>"; };
		AF35D8921E9E12A0000F9AA1 /* UIComponents.app */ = {isa = PBXFileReference; explicitFileType = wrapper.application; includeInIndex = 0; path = UIComponents.app; sourceTree = BUILT_PRODUCTS_DIR; };
		AF35D8961E9E12A0000F9AA1 /* main.m */ = {isa = PBXFileReference; lastKnownFileType = sourcecode.c.objc; path = main.m; sourceTree = "<group>"; };
		AF35D8981E9E12A0000F9AA1 /* AppDelegate.h */ = {isa = PBXFileReference; lastKnownFileType = sourcecode.c.h; path = AppDelegate.h; sourceTree = "<group>"; };
		AF35D8991E9E12A0000F9AA1 /* AppDelegate.m */ = {isa = PBXFileReference; lastKnownFileType = sourcecode.c.objc; path = AppDelegate.m; sourceTree = "<group>"; };
		AF35D89F1E9E12A0000F9AA1 /* Base */ = {isa = PBXFileReference; lastKnownFileType = file.storyboard; name = Base; path = Base.lproj/Main.storyboard; sourceTree = "<group>"; };
		AF35D8A21E9E12A0000F9AA1 /* UIComponents.xcdatamodel */ = {isa = PBXFileReference; lastKnownFileType = wrapper.xcdatamodel; path = UIComponents.xcdatamodel; sourceTree = "<group>"; };
		AF35D8A41E9E12A0000F9AA1 /* Assets.xcassets */ = {isa = PBXFileReference; lastKnownFileType = folder.assetcatalog; path = Assets.xcassets; sourceTree = "<group>"; };
		AF35D8A71E9E12A0000F9AA1 /* Base */ = {isa = PBXFileReference; lastKnownFileType = file.storyboard; name = Base; path = Base.lproj/LaunchScreen.storyboard; sourceTree = "<group>"; };
		AF35D8A91E9E12A0000F9AA1 /* Info.plist */ = {isa = PBXFileReference; lastKnownFileType = text.plist.xml; path = Info.plist; sourceTree = "<group>"; };
		AF35D8B01E9E12CD000F9AA1 /* MainViewController.h */ = {isa = PBXFileReference; fileEncoding = 4; lastKnownFileType = sourcecode.c.h; path = MainViewController.h; sourceTree = "<group>"; };
		AF35D8B11E9E12CD000F9AA1 /* MainViewController.m */ = {isa = PBXFileReference; fileEncoding = 4; lastKnownFileType = sourcecode.c.objc; path = MainViewController.m; sourceTree = "<group>"; };
		AF35D8B21E9E12CD000F9AA1 /* MainViewController.xib */ = {isa = PBXFileReference; fileEncoding = 4; lastKnownFileType = file.xib; path = MainViewController.xib; sourceTree = "<group>"; };
		AF35D8B61E9E2AA0000F9AA1 /* SliderViewController.h */ = {isa = PBXFileReference; fileEncoding = 4; lastKnownFileType = sourcecode.c.h; path = SliderViewController.h; sourceTree = "<group>"; };
		AF35D8B71E9E2AA0000F9AA1 /* SliderViewController.m */ = {isa = PBXFileReference; fileEncoding = 4; lastKnownFileType = sourcecode.c.objc; path = SliderViewController.m; sourceTree = "<group>"; };
		AF35D8B81E9E2AA0000F9AA1 /* SliderViewController.xib */ = {isa = PBXFileReference; fileEncoding = 4; lastKnownFileType = file.xib; path = SliderViewController.xib; sourceTree = "<group>"; };
		AF35D8BB1E9E36DB000F9AA1 /* SwitchViewController.h */ = {isa = PBXFileReference; fileEncoding = 4; lastKnownFileType = sourcecode.c.h; path = SwitchViewController.h; sourceTree = "<group>"; };
		AF35D8BC1E9E36DB000F9AA1 /* SwitchViewController.m */ = {isa = PBXFileReference; fileEncoding = 4; lastKnownFileType = sourcecode.c.objc; path = SwitchViewController.m; sourceTree = "<group>"; };
		AF35D8BD1E9E36DB000F9AA1 /* SwitchViewController.xib */ = {isa = PBXFileReference; fileEncoding = 4; lastKnownFileType = file.xib; path = SwitchViewController.xib; sourceTree = "<group>"; };
		AF402A571EA5CF8300D46F00 /* SimpleGameViewController.h */ = {isa = PBXFileReference; fileEncoding = 4; lastKnownFileType = sourcecode.c.h; path = SimpleGameViewController.h; sourceTree = "<group>"; };
		AF402A581EA5CF8300D46F00 /* SimpleGameViewController.m */ = {isa = PBXFileReference; fileEncoding = 4; lastKnownFileType = sourcecode.c.objc; path = SimpleGameViewController.m; sourceTree = "<group>"; };
		AF402A591EA5CF8300D46F00 /* SimpleGameViewController.xib */ = {isa = PBXFileReference; fileEncoding = 4; lastKnownFileType = file.xib; path = SimpleGameViewController.xib; sourceTree = "<group>"; };
		AF4708241EA084DC006B9D7A /* PageControllViewController.h */ = {isa = PBXFileReference; fileEncoding = 4; lastKnownFileType = sourcecode.c.h; path = PageControllViewController.h; sourceTree = "<group>"; };
		AF4708251EA084DC006B9D7A /* PageControllViewController.m */ = {isa = PBXFileReference; fileEncoding = 4; lastKnownFileType = sourcecode.c.objc; path = PageControllViewController.m; sourceTree = "<group>"; };
		AF4708261EA084DC006B9D7A /* PageControllViewController.xib */ = {isa = PBXFileReference; fileEncoding = 4; lastKnownFileType = file.xib; path = PageControllViewController.xib; sourceTree = "<group>"; };
		AF47082A1EA0AD4C006B9D7A /* SubPageCtrViewController.h */ = {isa = PBXFileReference; fileEncoding = 4; lastKnownFileType = sourcecode.c.h; path = SubPageCtrViewController.h; sourceTree = "<group>"; };
		AF47082B1EA0AD4C006B9D7A /* SubPageCtrViewController.m */ = {isa = PBXFileReference; fileEncoding = 4; lastKnownFileType = sourcecode.c.objc; path = SubPageCtrViewController.m; sourceTree = "<group>"; };
		AF47082C1EA0AD4C006B9D7A /* SubPageCtrViewController.xib */ = {isa = PBXFileReference; fileEncoding = 4; lastKnownFileType = file.xib; path = SubPageCtrViewController.xib; sourceTree = "<group>"; };
		AF47082F1EA0BE37006B9D7A /* ProgressViewController.h */ = {isa = PBXFileReference; fileEncoding = 4; lastKnownFileType = sourcecode.c.h; path = ProgressViewController.h; sourceTree = "<group>"; };
		AF4708301EA0BE37006B9D7A /* ProgressViewController.m */ = {isa = PBXFileReference; fileEncoding = 4; lastKnownFileType = sourcecode.c.objc; path = ProgressViewController.m; sourceTree = "<group>"; };
		AF4708311EA0BE37006B9D7A /* ProgressViewController.xib */ = {isa = PBXFileReference; fileEncoding = 4; lastKnownFileType = file.xib; path = ProgressViewController.xib; sourceTree = "<group>"; };
		AF7E1BD01E9F1EB000D7B4C3 /* CollectionViewController.h */ = {isa = PBXFileReference; fileEncoding = 4; lastKnownFileType = sourcecode.c.h; path = CollectionViewController.h; sourceTree = "<group>"; };
		AF7E1BD11E9F1EB000D7B4C3 /* CollectionViewController.m */ = {isa = PBXFileReference; fileEncoding = 4; lastKnownFileType = sourcecode.c.objc; path = CollectionViewController.m; sourceTree = "<group>"; };
		AF7E1BD21E9F1EB000D7B4C3 /* CollectionViewController.xib */ = {isa = PBXFileReference; fileEncoding = 4; lastKnownFileType = file.xib; path = CollectionViewController.xib; sourceTree = "<group>"; };
		AF7E1BD61E9F359600D7B4C3 /* NibCell.h */ = {isa = PBXFileReference; fileEncoding = 4; lastKnownFileType = sourcecode.c.h; path = NibCell.h; sourceTree = "<group>"; };
		AF7E1BD71E9F359600D7B4C3 /* NibCell.m */ = {isa = PBXFileReference; fileEncoding = 4; lastKnownFileType = sourcecode.c.objc; path = NibCell.m; sourceTree = "<group>"; };
		AF7E1BD81E9F359600D7B4C3 /* NibCell.xib */ = {isa = PBXFileReference; fileEncoding = 4; lastKnownFileType = file.xib; path = NibCell.xib; sourceTree = "<group>"; };
		AF9BA6BD1EA9E35900FA6690 /* GoogleService-Info.plist */ = {isa = PBXFileReference; fileEncoding = 4; lastKnownFileType = text.plist.xml; path = "GoogleService-Info.plist"; sourceTree = "<group>"; };
		AFAEF2C21EA8A9FC00E3413B /* LoginFaceViewController.h */ = {isa = PBXFileReference; fileEncoding = 4; lastKnownFileType = sourcecode.c.h; path = LoginFaceViewController.h; sourceTree = "<group>"; };
		AFAEF2C31EA8A9FC00E3413B /* LoginFaceViewController.m */ = {isa = PBXFileReference; fileEncoding = 4; lastKnownFileType = sourcecode.c.objc; path = LoginFaceViewController.m; sourceTree = "<group>"; };
		AFAEF2C41EA8A9FC00E3413B /* LoginFaceViewController.xib */ = {isa = PBXFileReference; fileEncoding = 4; lastKnownFileType = file.xib; path = LoginFaceViewController.xib; sourceTree = "<group>"; };
		B74198D5733964E0899E4CD0 /* Pods-UIComponents.debug.xcconfig */ = {isa = PBXFileReference; includeInIndex = 1; lastKnownFileType = text.xcconfig; name = "Pods-UIComponents.debug.xcconfig"; path = "Pods/Target Support Files/Pods-UIComponents/Pods-UIComponents.debug.xcconfig"; sourceTree = "<group>"; };
		C399BC5F4600136736883D54 /* Pods-UIComponents.release.xcconfig */ = {isa = PBXFileReference; includeInIndex = 1; lastKnownFileType = text.xcconfig; name = "Pods-UIComponents.release.xcconfig"; path = "Pods/Target Support Files/Pods-UIComponents/Pods-UIComponents.release.xcconfig"; sourceTree = "<group>"; };
/* End PBXFileReference section */

/* Begin PBXFrameworksBuildPhase section */
		AF281A191EA6176300C8C93F /* Frameworks */ = {
			isa = PBXFrameworksBuildPhase;
			buildActionMask = 2147483647;
			files = (
			);
			runOnlyForDeploymentPostprocessing = 0;
		};
		AF35D88F1E9E12A0000F9AA1 /* Frameworks */ = {
			isa = PBXFrameworksBuildPhase;
			buildActionMask = 2147483647;
			files = (
				2A2FE263599E3797B57F259E /* libPods-UIComponents.a in Frameworks */,
			);
			runOnlyForDeploymentPostprocessing = 0;
		};
/* End PBXFrameworksBuildPhase section */

/* Begin PBXGroup section */
		03E08904931D6D95804222C3 /* Frameworks */ = {
			isa = PBXGroup;
			children = (
				5932F6E547DBDC6582AE7369 /* libPods-UIComponents.a */,
			);
			name = Frameworks;
			sourceTree = "<group>";
		};
		AF281A1D1EA6176300C8C93F /* UIComponentsTests */ = {
			isa = PBXGroup;
			children = (
				AF281A261EA6177400C8C93F /* TestMain.m */,
				AF281A1E1EA6176300C8C93F /* UIComponentsTests.m */,
				AF281A201EA6176300C8C93F /* Info.plist */,
			);
			path = UIComponentsTests;
			sourceTree = "<group>";
		};
		AF2855451EA480110004C4E1 /* Restful */ = {
			isa = PBXGroup;
			children = (
				AF2855461EA4802C0004C4E1 /* Restful.h */,
				AF2855471EA4802C0004C4E1 /* Restful.m */,
			);
			name = Restful;
			sourceTree = "<group>";
		};
		AF35D8891E9E12A0000F9AA1 = {
			isa = PBXGroup;
			children = (
				AF35D8941E9E12A0000F9AA1 /* UIComponents */,
				AF281A1D1EA6176300C8C93F /* UIComponentsTests */,
				AF35D8931E9E12A0000F9AA1 /* Products */,
				E301816065FFEA23042A755F /* Pods */,
				03E08904931D6D95804222C3 /* Frameworks */,
			);
			sourceTree = "<group>";
		};
		AF35D8931E9E12A0000F9AA1 /* Products */ = {
			isa = PBXGroup;
			children = (
				AF35D8921E9E12A0000F9AA1 /* UIComponents.app */,
				AF281A1C1EA6176300C8C93F /* UIComponentsTests.xctest */,
			);
			name = Products;
			sourceTree = "<group>";
		};
		AF35D8941E9E12A0000F9AA1 /* UIComponents */ = {
			isa = PBXGroup;
			children = (
				AF9BA6BD1EA9E35900FA6690 /* GoogleService-Info.plist */,
				AF2855451EA480110004C4E1 /* Restful */,
				AF4708291EA0ACBA006B9D7A /* SubPageCtrView */,
				AF7E1BD51E9F356900D7B4C3 /* CollectionCell */,
				AF35D8B51E9E12D7000F9AA1 /* ViewCtr */,
				AF35D8AF1E9E12BC000F9AA1 /* Views */,
				AF35D8981E9E12A0000F9AA1 /* AppDelegate.h */,
				AF35D8991E9E12A0000F9AA1 /* AppDelegate.m */,
				AF35D89E1E9E12A0000F9AA1 /* Main.storyboard */,
				AF35D8A41E9E12A0000F9AA1 /* Assets.xcassets */,
				AF35D8A61E9E12A0000F9AA1 /* LaunchScreen.storyboard */,
				AF35D8A91E9E12A0000F9AA1 /* Info.plist */,
				AF35D8A11E9E12A0000F9AA1 /* UIComponents.xcdatamodeld */,
				AF35D8951E9E12A0000F9AA1 /* Supporting Files */,
			);
			path = UIComponents;
			sourceTree = "<group>";
		};
		AF35D8951E9E12A0000F9AA1 /* Supporting Files */ = {
			isa = PBXGroup;
			children = (
				AF35D8961E9E12A0000F9AA1 /* main.m */,
			);
			name = "Supporting Files";
			sourceTree = "<group>";
		};
		AF35D8AF1E9E12BC000F9AA1 /* Views */ = {
			isa = PBXGroup;
			children = (
				AF35D8B81E9E2AA0000F9AA1 /* SliderViewController.xib */,
				AF28554B1EA4A92C0004C4E1 /* AFNetworkingViewController.xib */,
				AF402A591EA5CF8300D46F00 /* SimpleGameViewController.xib */,
				AF4708261EA084DC006B9D7A /* PageControllViewController.xib */,
				AF35D8BD1E9E36DB000F9AA1 /* SwitchViewController.xib */,
				AFAEF2C41EA8A9FC00E3413B /* LoginFaceViewController.xib */,
				AF4708311EA0BE37006B9D7A /* ProgressViewController.xib */,
				AF7E1BD21E9F1EB000D7B4C3 /* CollectionViewController.xib */,
				AF35D8B21E9E12CD000F9AA1 /* MainViewController.xib */,
			);
			name = Views;
			sourceTree = "<group>";
		};
		AF35D8B51E9E12D7000F9AA1 /* ViewCtr */ = {
			isa = PBXGroup;
			children = (
				AF35D8B61E9E2AA0000F9AA1 /* SliderViewController.h */,
				AF35D8B71E9E2AA0000F9AA1 /* SliderViewController.m */,
				AF35D8BB1E9E36DB000F9AA1 /* SwitchViewController.h */,
				AF35D8BC1E9E36DB000F9AA1 /* SwitchViewController.m */,
				AF402A571EA5CF8300D46F00 /* SimpleGameViewController.h */,
				AF402A581EA5CF8300D46F00 /* SimpleGameViewController.m */,
				AF35D8B01E9E12CD000F9AA1 /* MainViewController.h */,
				AF35D8B11E9E12CD000F9AA1 /* MainViewController.m */,
				AF7E1BD01E9F1EB000D7B4C3 /* CollectionViewController.h */,
				AF7E1BD11E9F1EB000D7B4C3 /* CollectionViewController.m */,
				AF4708241EA084DC006B9D7A /* PageControllViewController.h */,
				AF4708251EA084DC006B9D7A /* PageControllViewController.m */,
				AF47082F1EA0BE37006B9D7A /* ProgressViewController.h */,
				AF4708301EA0BE37006B9D7A /* ProgressViewController.m */,
				AF2855491EA4A92C0004C4E1 /* AFNetworkingViewController.h */,
				AF28554A1EA4A92C0004C4E1 /* AFNetworkingViewController.m */,
				AFAEF2C21EA8A9FC00E3413B /* LoginFaceViewController.h */,
				AFAEF2C31EA8A9FC00E3413B /* LoginFaceViewController.m */,
			);
			name = ViewCtr;
			sourceTree = "<group>";
		};
		AF4708291EA0ACBA006B9D7A /* SubPageCtrView */ = {
			isa = PBXGroup;
			children = (
				AF47082A1EA0AD4C006B9D7A /* SubPageCtrViewController.h */,
				AF47082B1EA0AD4C006B9D7A /* SubPageCtrViewController.m */,
				AF47082C1EA0AD4C006B9D7A /* SubPageCtrViewController.xib */,
			);
			name = SubPageCtrView;
			sourceTree = "<group>";
		};
		AF7E1BD51E9F356900D7B4C3 /* CollectionCell */ = {
			isa = PBXGroup;
			children = (
				AF7E1BD61E9F359600D7B4C3 /* NibCell.h */,
				AF7E1BD71E9F359600D7B4C3 /* NibCell.m */,
				AF7E1BD81E9F359600D7B4C3 /* NibCell.xib */,
			);
			name = CollectionCell;
			sourceTree = "<group>";
		};
		E301816065FFEA23042A755F /* Pods */ = {
			isa = PBXGroup;
			children = (
				B74198D5733964E0899E4CD0 /* Pods-UIComponents.debug.xcconfig */,
				C399BC5F4600136736883D54 /* Pods-UIComponents.release.xcconfig */,
			);
			name = Pods;
			sourceTree = "<group>";
		};
/* End PBXGroup section */

/* Begin PBXNativeTarget section */
		AF281A1B1EA6176300C8C93F /* UIComponentsTests */ = {
			isa = PBXNativeTarget;
			buildConfigurationList = AF281A251EA6176300C8C93F /* Build configuration list for PBXNativeTarget "UIComponentsTests" */;
			buildPhases = (
				AF281A181EA6176300C8C93F /* Sources */,
				AF281A191EA6176300C8C93F /* Frameworks */,
				AF281A1A1EA6176300C8C93F /* Resources */,
			);
			buildRules = (
			);
			dependencies = (
				AF281A221EA6176300C8C93F /* PBXTargetDependency */,
			);
			name = UIComponentsTests;
			productName = UIComponentsTests;
			productReference = AF281A1C1EA6176300C8C93F /* UIComponentsTests.xctest */;
			productType = "com.apple.product-type.bundle.unit-test";
		};
		AF35D8911E9E12A0000F9AA1 /* UIComponents */ = {
			isa = PBXNativeTarget;
			buildConfigurationList = AF35D8AC1E9E12A0000F9AA1 /* Build configuration list for PBXNativeTarget "UIComponents" */;
			buildPhases = (
				C32266696E115A4BD89BCAF4 /* [CP] Check Pods Manifest.lock */,
				AF35D88E1E9E12A0000F9AA1 /* Sources */,
				AF35D88F1E9E12A0000F9AA1 /* Frameworks */,
				AF35D8901E9E12A0000F9AA1 /* Resources */,
				292263F483DF4D8ABDE04493 /* [CP] Embed Pods Frameworks */,
				B881A3FE23D85BEE2E12562F /* [CP] Copy Pods Resources */,
			);
			buildRules = (
			);
			dependencies = (
			);
			name = UIComponents;
			productName = UIComponents;
			productReference = AF35D8921E9E12A0000F9AA1 /* UIComponents.app */;
			productType = "com.apple.product-type.application";
		};
/* End PBXNativeTarget section */

/* Begin PBXProject section */
		AF35D88A1E9E12A0000F9AA1 /* Project object */ = {
			isa = PBXProject;
			attributes = {
				LastUpgradeCheck = 0810;
				ORGANIZATIONNAME = AnhBui;
				TargetAttributes = {
					AF281A1B1EA6176300C8C93F = {
						CreatedOnToolsVersion = 8.1;
						ProvisioningStyle = Automatic;
						TestTargetID = AF35D8911E9E12A0000F9AA1;
					};
					AF35D8911E9E12A0000F9AA1 = {
						CreatedOnToolsVersion = 8.1;
						DevelopmentTeam = MN3E9AE5P7;
						ProvisioningStyle = Automatic;
					};
				};
			};
			buildConfigurationList = AF35D88D1E9E12A0000F9AA1 /* Build configuration list for PBXProject "UIComponents" */;
			compatibilityVersion = "Xcode 3.2";
			developmentRegion = English;
			hasScannedForEncodings = 0;
			knownRegions = (
				en,
				Base,
			);
			mainGroup = AF35D8891E9E12A0000F9AA1;
			productRefGroup = AF35D8931E9E12A0000F9AA1 /* Products */;
			projectDirPath = "";
			projectRoot = "";
			targets = (
				AF35D8911E9E12A0000F9AA1 /* UIComponents */,
				AF281A1B1EA6176300C8C93F /* UIComponentsTests */,
			);
		};
/* End PBXProject section */

/* Begin PBXResourcesBuildPhase section */
		AF281A1A1EA6176300C8C93F /* Resources */ = {
			isa = PBXResourcesBuildPhase;
			buildActionMask = 2147483647;
			files = (
			);
			runOnlyForDeploymentPostprocessing = 0;
		};
		AF35D8901E9E12A0000F9AA1 /* Resources */ = {
			isa = PBXResourcesBuildPhase;
			buildActionMask = 2147483647;
			files = (
				AF47082E1EA0AD4C006B9D7A /* SubPageCtrViewController.xib in Resources */,
				AF35D8BF1E9E36DB000F9AA1 /* SwitchViewController.xib in Resources */,
				AF9BA6BE1EA9E35900FA6690 /* GoogleService-Info.plist in Resources */,
				AF35D8A81E9E12A0000F9AA1 /* LaunchScreen.storyboard in Resources */,
				AF7E1BD41E9F1EB000D7B4C3 /* CollectionViewController.xib in Resources */,
				AF35D8A51E9E12A0000F9AA1 /* Assets.xcassets in Resources */,
				AF4708281EA084DC006B9D7A /* PageControllViewController.xib in Resources */,
				AF35D8BA1E9E2AA0000F9AA1 /* SliderViewController.xib in Resources */,
				AF4708331EA0BE37006B9D7A /* ProgressViewController.xib in Resources */,
				AF7E1BDA1E9F359600D7B4C3 /* NibCell.xib in Resources */,
				AF402A5B1EA5CF8300D46F00 /* SimpleGameViewController.xib in Resources */,
				AF28554D1EA4A92C0004C4E1 /* AFNetworkingViewController.xib in Resources */,
				AF35D8A01E9E12A0000F9AA1 /* Main.storyboard in Resources */,
				AF35D8B41E9E12CD000F9AA1 /* MainViewController.xib in Resources */,
				AFAEF2C61EA8A9FC00E3413B /* LoginFaceViewController.xib in Resources */,
			);
			runOnlyForDeploymentPostprocessing = 0;
		};
/* End PBXResourcesBuildPhase section */

/* Begin PBXShellScriptBuildPhase section */
		292263F483DF4D8ABDE04493 /* [CP] Embed Pods Frameworks */ = {
			isa = PBXShellScriptBuildPhase;
			buildActionMask = 2147483647;
			files = (
			);
			inputPaths = (
			);
			name = "[CP] Embed Pods Frameworks";
			outputPaths = (
			);
			runOnlyForDeploymentPostprocessing = 0;
			shellPath = /bin/sh;
			shellScript = "\"${SRCROOT}/Pods/Target Support Files/Pods-UIComponents/Pods-UIComponents-frameworks.sh\"\n";
			showEnvVarsInLog = 0;
		};
		B881A3FE23D85BEE2E12562F /* [CP] Copy Pods Resources */ = {
			isa = PBXShellScriptBuildPhase;
			buildActionMask = 2147483647;
			files = (
			);
			inputPaths = (
			);
			name = "[CP] Copy Pods Resources";
			outputPaths = (
			);
			runOnlyForDeploymentPostprocessing = 0;
			shellPath = /bin/sh;
			shellScript = "\"${SRCROOT}/Pods/Target Support Files/Pods-UIComponents/Pods-UIComponents-resources.sh\"\n";
			showEnvVarsInLog = 0;
		};
		C32266696E115A4BD89BCAF4 /* [CP] Check Pods Manifest.lock */ = {
			isa = PBXShellScriptBuildPhase;
			buildActionMask = 2147483647;
			files = (
			);
			inputPaths = (
			);
			name = "[CP] Check Pods Manifest.lock";
			outputPaths = (
			);
			runOnlyForDeploymentPostprocessing = 0;
			shellPath = /bin/sh;
			shellScript = "diff \"${PODS_PODFILE_DIR_PATH}/Podfile.lock\" \"${PODS_ROOT}/Manifest.lock\" > /dev/null\nif [ $? != 0 ] ; then\n    # print error to STDERR\n    echo \"error: The sandbox is not in sync with the Podfile.lock. Run 'pod install' or update your CocoaPods installation.\" >&2\n    exit 1\nfi\n";
			showEnvVarsInLog = 0;
		};
/* End PBXShellScriptBuildPhase section */

/* Begin PBXSourcesBuildPhase section */
		AF281A181EA6176300C8C93F /* Sources */ = {
			isa = PBXSourcesBuildPhase;
			buildActionMask = 2147483647;
			files = (
				AF281A271EA6177400C8C93F /* TestMain.m in Sources */,
				AF281A1F1EA6176300C8C93F /* UIComponentsTests.m in Sources */,
			);
			runOnlyForDeploymentPostprocessing = 0;
		};
		AF35D88E1E9E12A0000F9AA1 /* Sources */ = {
			isa = PBXSourcesBuildPhase;
			buildActionMask = 2147483647;
			files = (
				AF47082D1EA0AD4C006B9D7A /* SubPageCtrViewController.m in Sources */,
				AF35D8B91E9E2AA0000F9AA1 /* SliderViewController.m in Sources */,
				AFAEF2C51EA8A9FC00E3413B /* LoginFaceViewController.m in Sources */,
				AF28554C1EA4A92C0004C4E1 /* AFNetworkingViewController.m in Sources */,
				AF7E1BD31E9F1EB000D7B4C3 /* CollectionViewController.m in Sources */,
				AF4708321EA0BE37006B9D7A /* ProgressViewController.m in Sources */,
				AF35D8A31E9E12A0000F9AA1 /* UIComponents.xcdatamodeld in Sources */,
				AF2855481EA4802C0004C4E1 /* Restful.m in Sources */,
				AF35D89A1E9E12A0000F9AA1 /* AppDelegate.m in Sources */,
				AF402A5A1EA5CF8300D46F00 /* SimpleGameViewController.m in Sources */,
				AF35D8971E9E12A0000F9AA1 /* main.m in Sources */,
				AF7E1BD91E9F359600D7B4C3 /* NibCell.m in Sources */,
				AF35D8BE1E9E36DB000F9AA1 /* SwitchViewController.m in Sources */,
				AF35D8B31E9E12CD000F9AA1 /* MainViewController.m in Sources */,
				AF4708271EA084DC006B9D7A /* PageControllViewController.m in Sources */,
			);
			runOnlyForDeploymentPostprocessing = 0;
		};
/* End PBXSourcesBuildPhase section */

/* Begin PBXTargetDependency section */
		AF281A221EA6176300C8C93F /* PBXTargetDependency */ = {
			isa = PBXTargetDependency;
			target = AF35D8911E9E12A0000F9AA1 /* UIComponents */;
			targetProxy = AF281A211EA6176300C8C93F /* PBXContainerItemProxy */;
		};
/* End PBXTargetDependency section */

/* Begin PBXVariantGroup section */
		AF35D89E1E9E12A0000F9AA1 /* Main.storyboard */ = {
			isa = PBXVariantGroup;
			children = (
				AF35D89F1E9E12A0000F9AA1 /* Base */,
			);
			name = Main.storyboard;
			sourceTree = "<group>";
		};
		AF35D8A61E9E12A0000F9AA1 /* LaunchScreen.storyboard */ = {
			isa = PBXVariantGroup;
			children = (
				AF35D8A71E9E12A0000F9AA1 /* Base */,
			);
			name = LaunchScreen.storyboard;
			sourceTree = "<group>";
		};
/* End PBXVariantGroup section */

/* Begin XCBuildConfiguration section */
		AF281A231EA6176300C8C93F /* Debug */ = {
			isa = XCBuildConfiguration;
			buildSettings = {
				BUNDLE_LOADER = "$(TEST_HOST)";
				INFOPLIST_FILE = UIComponentsTests/Info.plist;
				LD_RUNPATH_SEARCH_PATHS = "$(inherited) @executable_path/Frameworks @loader_path/Frameworks";
				PRODUCT_BUNDLE_IDENTIFIER = org.UIComponentsTests;
				PRODUCT_NAME = "$(TARGET_NAME)";
				TEST_HOST = "$(BUILT_PRODUCTS_DIR)/UIComponents.app/UIComponents";
			};
			name = Debug;
		};
		AF281A241EA6176300C8C93F /* Release */ = {
			isa = XCBuildConfiguration;
			buildSettings = {
				BUNDLE_LOADER = "$(TEST_HOST)";
				INFOPLIST_FILE = UIComponentsTests/Info.plist;
				LD_RUNPATH_SEARCH_PATHS = "$(inherited) @executable_path/Frameworks @loader_path/Frameworks";
				PRODUCT_BUNDLE_IDENTIFIER = org.UIComponentsTests;
				PRODUCT_NAME = "$(TARGET_NAME)";
				TEST_HOST = "$(BUILT_PRODUCTS_DIR)/UIComponents.app/UIComponents";
			};
			name = Release;
		};
		AF35D8AA1E9E12A0000F9AA1 /* Debug */ = {
			isa = XCBuildConfiguration;
			buildSettings = {
				ALWAYS_SEARCH_USER_PATHS = NO;
				CLANG_ANALYZER_NONNULL = YES;
				CLANG_CXX_LANGUAGE_STANDARD = "gnu++0x";
				CLANG_CXX_LIBRARY = "libc++";
				CLANG_ENABLE_MODULES = YES;
				CLANG_ENABLE_OBJC_ARC = YES;
				CLANG_WARN_BOOL_CONVERSION = YES;
				CLANG_WARN_CONSTANT_CONVERSION = YES;
				CLANG_WARN_DIRECT_OBJC_ISA_USAGE = YES_ERROR;
				CLANG_WARN_DOCUMENTATION_COMMENTS = YES;
				CLANG_WARN_EMPTY_BODY = YES;
				CLANG_WARN_ENUM_CONVERSION = YES;
				CLANG_WARN_INFINITE_RECURSION = YES;
				CLANG_WARN_INT_CONVERSION = YES;
				CLANG_WARN_OBJC_ROOT_CLASS = YES_ERROR;
				CLANG_WARN_SUSPICIOUS_MOVES = YES;
				CLANG_WARN_UNREACHABLE_CODE = YES;
				CLANG_WARN__DUPLICATE_METHOD_MATCH = YES;
				"CODE_SIGN_IDENTITY[sdk=iphoneos*]" = "iPhone Developer";
				COPY_PHASE_STRIP = NO;
				DEBUG_INFORMATION_FORMAT = dwarf;
				ENABLE_STRICT_OBJC_MSGSEND = YES;
				ENABLE_TESTABILITY = YES;
				GCC_C_LANGUAGE_STANDARD = gnu99;
				GCC_DYNAMIC_NO_PIC = NO;
				GCC_NO_COMMON_BLOCKS = YES;
				GCC_OPTIMIZATION_LEVEL = 0;
				GCC_PREPROCESSOR_DEFINITIONS = (
					"DEBUG=1",
					"$(inherited)",
				);
				GCC_WARN_64_TO_32_BIT_CONVERSION = YES;
				GCC_WARN_ABOUT_RETURN_TYPE = YES_ERROR;
				GCC_WARN_UNDECLARED_SELECTOR = YES;
				GCC_WARN_UNINITIALIZED_AUTOS = YES_AGGRESSIVE;
				GCC_WARN_UNUSED_FUNCTION = YES;
				GCC_WARN_UNUSED_VARIABLE = YES;
				IPHONEOS_DEPLOYMENT_TARGET = 10.1;
				MTL_ENABLE_DEBUG_INFO = YES;
				ONLY_ACTIVE_ARCH = YES;
				SDKROOT = iphoneos;
				TARGETED_DEVICE_FAMILY = "1,2";
			};
			name = Debug;
		};
		AF35D8AB1E9E12A0000F9AA1 /* Release */ = {
			isa = XCBuildConfiguration;
			buildSettings = {
				ALWAYS_SEARCH_USER_PATHS = NO;
				CLANG_ANALYZER_NONNULL = YES;
				CLANG_CXX_LANGUAGE_STANDARD = "gnu++0x";
				CLANG_CXX_LIBRARY = "libc++";
				CLANG_ENABLE_MODULES = YES;
				CLANG_ENABLE_OBJC_ARC = YES;
				CLANG_WARN_BOOL_CONVERSION = YES;
				CLANG_WARN_CONSTANT_CONVERSION = YES;
				CLANG_WARN_DIRECT_OBJC_ISA_USAGE = YES_ERROR;
				CLANG_WARN_DOCUMENTATION_COMMENTS = YES;
				CLANG_WARN_EMPTY_BODY = YES;
				CLANG_WARN_ENUM_CONVERSION = YES;
				CLANG_WARN_INFINITE_RECURSION = YES;
				CLANG_WARN_INT_CONVERSION = YES;
				CLANG_WARN_OBJC_ROOT_CLASS = YES_ERROR;
				CLANG_WARN_SUSPICIOUS_MOVES = YES;
				CLANG_WARN_UNREACHABLE_CODE = YES;
				CLANG_WARN__DUPLICATE_METHOD_MATCH = YES;
				"CODE_SIGN_IDENTITY[sdk=iphoneos*]" = "iPhone Developer";
				COPY_PHASE_STRIP = NO;
				DEBUG_INFORMATION_FORMAT = "dwarf-with-dsym";
				ENABLE_NS_ASSERTIONS = NO;
				ENABLE_STRICT_OBJC_MSGSEND = YES;
				GCC_C_LANGUAGE_STANDARD = gnu99;
				GCC_NO_COMMON_BLOCKS = YES;
				GCC_WARN_64_TO_32_BIT_CONVERSION = YES;
				GCC_WARN_ABOUT_RETURN_TYPE = YES_ERROR;
				GCC_WARN_UNDECLARED_SELECTOR = YES;
				GCC_WARN_UNINITIALIZED_AUTOS = YES_AGGRESSIVE;
				GCC_WARN_UNUSED_FUNCTION = YES;
				GCC_WARN_UNUSED_VARIABLE = YES;
				IPHONEOS_DEPLOYMENT_TARGET = 10.1;
				MTL_ENABLE_DEBUG_INFO = NO;
				SDKROOT = iphoneos;
				TARGETED_DEVICE_FAMILY = "1,2";
				VALIDATE_PRODUCT = YES;
			};
			name = Release;
		};
		AF35D8AD1E9E12A0000F9AA1 /* Debug */ = {
			isa = XCBuildConfiguration;
			baseConfigurationReference = B74198D5733964E0899E4CD0 /* Pods-UIComponents.debug.xcconfig */;
			buildSettings = {
				ASSETCATALOG_COMPILER_APPICON_NAME = AppIcon;
				"CODE_SIGN_IDENTITY[sdk=iphoneos*]" = "iPhone Developer";
				DEVELOPMENT_TEAM = MN3E9AE5P7;
				FRAMEWORK_SEARCH_PATHS = "$(inherited)";
				INFOPLIST_FILE = UIComponents/Info.plist;
				IPHONEOS_DEPLOYMENT_TARGET = 9.3;
				LD_RUNPATH_SEARCH_PATHS = "$(inherited) @executable_path/Frameworks";
				PRODUCT_BUNDLE_IDENTIFIER = org.neo.edu.UIComponents;
				PRODUCT_NAME = "$(TARGET_NAME)";
			};
			name = Debug;
		};
		AF35D8AE1E9E12A0000F9AA1 /* Release */ = {
			isa = XCBuildConfiguration;
			baseConfigurationReference = C399BC5F4600136736883D54 /* Pods-UIComponents.release.xcconfig */;
			buildSettings = {
				ASSETCATALOG_COMPILER_APPICON_NAME = AppIcon;
				"CODE_SIGN_IDENTITY[sdk=iphoneos*]" = "iPhone Developer";
				DEVELOPMENT_TEAM = MN3E9AE5P7;
				FRAMEWORK_SEARCH_PATHS = "$(inherited)";
				INFOPLIST_FILE = UIComponents/Info.plist;
				IPHONEOS_DEPLOYMENT_TARGET = 9.3;
				LD_RUNPATH_SEARCH_PATHS = "$(inherited) @executable_path/Frameworks";
				PRODUCT_BUNDLE_IDENTIFIER = org.neo.edu.UIComponents;
				PRODUCT_NAME = "$(TARGET_NAME)";
			};
			name = Release;
		};
/* End XCBuildConfiguration section */

/* Begin XCConfigurationList section */
		AF281A251EA6176300C8C93F /* Build configuration list for PBXNativeTarget "UIComponentsTests" */ = {
			isa = XCConfigurationList;
			buildConfigurations = (
				AF281A231EA6176300C8C93F /* Debug */,
				AF281A241EA6176300C8C93F /* Release */,
			);
			defaultConfigurationIsVisible = 0;
			defaultConfigurationName = Release;
		};
		AF35D88D1E9E12A0000F9AA1 /* Build configuration list for PBXProject "UIComponents" */ = {
			isa = XCConfigurationList;
			buildConfigurations = (
				AF35D8AA1E9E12A0000F9AA1 /* Debug */,
				AF35D8AB1E9E12A0000F9AA1 /* Release */,
			);
			defaultConfigurationIsVisible = 0;
			defaultConfigurationName = Release;
		};
		AF35D8AC1E9E12A0000F9AA1 /* Build configuration list for PBXNativeTarget "UIComponents" */ = {
			isa = XCConfigurationList;
			buildConfigurations = (
				AF35D8AD1E9E12A0000F9AA1 /* Debug */,
				AF35D8AE1E9E12A0000F9AA1 /* Release */,
			);
			defaultConfigurationIsVisible = 0;
			defaultConfigurationName = Release;
		};
/* End XCConfigurationList section */

/* Begin XCVersionGroup section */
		AF35D8A11E9E12A0000F9AA1 /* UIComponents.xcdatamodeld */ = {
			isa = XCVersionGroup;
			children = (
				AF35D8A21E9E12A0000F9AA1 /* UIComponents.xcdatamodel */,
			);
			currentVersion = AF35D8A21E9E12A0000F9AA1 /* UIComponents.xcdatamodel */;
			path = UIComponents.xcdatamodeld;
			sourceTree = "<group>";
			versionGroupType = wrapper.xcdatamodel;
		};
/* End XCVersionGroup section */
	};
	rootObject = AF35D88A1E9E12A0000F9AA1 /* Project object */;
}
